{
  "name": "ProjektseminarE-Business",
  "lockfileVersion": 2,
  "requires": true,
  "packages": {
    "": {
      "dependencies": {
        "game": "^1.0.3",
        "map": "^1.0.1"
      }
    },
    "node_modules/game": {
      "version": "1.0.3",
      "resolved": "https://registry.npmjs.org/game/-/game-1.0.3.tgz",
      "integrity": "sha512-bcUubwZ21jgnVdCz9QY9ddIIhi1OwzZBa8jiUhEHCAvS8rsGR6W6BSSXFCK5Fzk9tDznQtbUgbm4ZtERBk8zlw=="
    },
    "node_modules/map": {
      "version": "1.0.1",
      "resolved": "https://registry.npmjs.org/map/-/map-1.0.1.tgz",
      "integrity": "sha1-mKokwl3F9o8angqR7i/wgWM0rFY="
    }
  },
  "dependencies": {
    "game": {
      "version": "1.0.3",
      "resolved": "https://registry.npmjs.org/game/-/game-1.0.3.tgz",
      "integrity": "sha512-bcUubwZ21jgnVdCz9QY9ddIIhi1OwzZBa8jiUhEHCAvS8rsGR6W6BSSXFCK5Fzk9tDznQtbUgbm4ZtERBk8zlw=="
    },
    "map": {
      "version": "1.0.1",
      "resolved": "https://registry.npmjs.org/map/-/map-1.0.1.tgz",
      "integrity": "sha1-mKokwl3F9o8angqR7i/wgWM0rFY="
    }
  }
}
