{
  "name": "ProjektseminarE-Business-main",
  "lockfileVersion": 2,
  "requires": true,
  "packages": {
    "": {
      "dependencies": {
        "map": "^1.0.1"
      }
    },
    "node_modules/map": {
      "version": "1.0.1",
      "resolved": "https://registry.npmjs.org/map/-/map-1.0.1.tgz",
      "integrity": "sha1-mKokwl3F9o8angqR7i/wgWM0rFY="
    }
  },
  "dependencies": {
    "map": {
      "version": "1.0.1",
      "resolved": "https://registry.npmjs.org/map/-/map-1.0.1.tgz",
      "integrity": "sha1-mKokwl3F9o8angqR7i/wgWM0rFY="
    }
  }
}
